
Microsoft Visual Studio Solution File, Format Version 12.00
# Visual Studio Version 17
VisualStudioVersion = 17.3.32901.215
MinimumVisualStudioVersion = 10.0.40219.1
Project("{FAE04EC0-301F-11D3-BF4B-00C04F79EFBC}") = "osu-skin-changer.lib", "osu-skin-changer.lib\osu-skin-changer.lib.csproj", "{55D79F92-D96A-4D94-890F-86A125722D2F}"
EndProject
Project("{FAE04EC0-301F-11D3-BF4B-00C04F79EFBC}") = "osu-skin-changer.wpf", "osu-skin-changer.wpf\osu-skin-changer.wpf.csproj", "{EDBF0872-931B-4F75-944E-CEEC52DDF6DB}"
EndProject
Global
	GlobalSection(SolutionConfigurationPlatforms) = preSolution
		Debug|Any CPU = Debug|Any CPU
		Release|Any CPU = Release|Any CPU
	EndGlobalSection
	GlobalSection(ProjectConfigurationPlatforms) = postSolution
		{55D79F92-D96A-4D94-890F-86A125722D2F}.Debug|Any CPU.ActiveCfg = Debug|Any CPU
		{55D79F92-D96A-4D94-890F-86A125722D2F}.Debug|Any CPU.Build.0 = Debug|Any CPU
		{55D79F92-D96A-4D94-890F-86A125722D2F}.Release|Any CPU.ActiveCfg = Release|Any CPU
		{55D79F92-D96A-4D94-890F-86A125722D2F}.Release|Any CPU.Build.0 = Release|Any CPU
		{EDBF0872-931B-4F75-944E-CEEC52DDF6DB}.Debug|Any CPU.ActiveCfg = Debug|Any CPU
		{EDBF0872-931B-4F75-944E-CEEC52DDF6DB}.Debug|Any CPU.Build.0 = Debug|Any CPU
		{EDBF0872-931B-4F75-944E-CEEC52DDF6DB}.Release|Any CPU.ActiveCfg = Release|Any CPU
		{EDBF0872-931B-4F75-944E-CEEC52DDF6DB}.Release|Any CPU.Build.0 = Release|Any CPU
	EndGlobalSection
	GlobalSection(SolutionProperties) = preSolution
		HideSolutionNode = FALSE
	EndGlobalSection
	GlobalSection(ExtensibilityGlobals) = postSolution
		SolutionGuid = {B7670E34-68AF-462C-984D-55BAC57074BF}
	EndGlobalSection
EndGlobal
